
Microsoft Visual Studio Solution File, Format Version 12.00
# Visual Studio 15
VisualStudioVersion = 15.0.27703.2018
MinimumVisualStudioVersion = 10.0.40219.1
Project("{FAE04EC0-301F-11D3-BF4B-00C04F79EFBC}") = "NewsOnline", "NewsOnline\NewsOnline.csproj", "{0594AD80-A0AC-4242-AD4A-70BEABA307DD}"
EndProject
Global
	GlobalSection(SolutionConfigurationPlatforms) = preSolution
		Debug|Any CPU = Debug|Any CPU
		Release|Any CPU = Release|Any CPU
	EndGlobalSection
	GlobalSection(ProjectConfigurationPlatforms) = postSolution
		{0594AD80-A0AC-4242-AD4A-70BEABA307DD}.Debug|Any CPU.ActiveCfg = Debug|Any CPU
		{0594AD80-A0AC-4242-AD4A-70BEABA307DD}.Debug|Any CPU.Build.0 = Debug|Any CPU
		{0594AD80-A0AC-4242-AD4A-70BEABA307DD}.Release|Any CPU.ActiveCfg = Release|Any CPU
		{0594AD80-A0AC-4242-AD4A-70BEABA307DD}.Release|Any CPU.Build.0 = Release|Any CPU
	EndGlobalSection
	GlobalSection(SolutionProperties) = preSolution
		HideSolutionNode = FALSE
	EndGlobalSection
	GlobalSection(ExtensibilityGlobals) = postSolution
		SolutionGuid = {BCC05A1B-E033-4741-AC30-4B73F34F56BD}
	EndGlobalSection
EndGlobal
